
Microsoft Visual Studio Solution File, Format Version 12.00
# Visual Studio 15
VisualStudioVersion = 15.0.28307.168
MinimumVisualStudioVersion = 10.0.40219.1
Project("{FAE04EC0-301F-11D3-BF4B-00C04F79EFBC}") = "DES", "DES\DES.csproj", "{B38B926D-30C9-457A-9FDC-B908E4CD1D3A}"
EndProject
Global
	GlobalSection(SolutionConfigurationPlatforms) = preSolution
		Debug|Any CPU = Debug|Any CPU
		Release|Any CPU = Release|Any CPU
	EndGlobalSection
	GlobalSection(ProjectConfigurationPlatforms) = postSolution
		{B38B926D-30C9-457A-9FDC-B908E4CD1D3A}.Debug|Any CPU.ActiveCfg = Debug|Any CPU
		{B38B926D-30C9-457A-9FDC-B908E4CD1D3A}.Debug|Any CPU.Build.0 = Debug|Any CPU
		{B38B926D-30C9-457A-9FDC-B908E4CD1D3A}.Release|Any CPU.ActiveCfg = Release|Any CPU
		{B38B926D-30C9-457A-9FDC-B908E4CD1D3A}.Release|Any CPU.Build.0 = Release|Any CPU
	EndGlobalSection
	GlobalSection(SolutionProperties) = preSolution
		HideSolutionNode = FALSE
	EndGlobalSection
	GlobalSection(ExtensibilityGlobals) = postSolution
		SolutionGuid = {5CD70D9B-29FE-4F9A-A4DF-12C2E00C571B}
	EndGlobalSection
EndGlobal
